
Microsoft Visual Studio Solution File, Format Version 12.00
# Visual Studio 15
VisualStudioVersion = 15.0.27130.2010
MinimumVisualStudioVersion = 10.0.40219.1
Project("{FAE04EC0-301F-11D3-BF4B-00C04F79EFBC}") = "Mygle.Telas", "Mygle.Telas\Mygle.Telas.csproj", "{2DFFC20F-57B6-4A26-B388-BCD1E7209FF6}"
EndProject
Project("{FAE04EC0-301F-11D3-BF4B-00C04F79EFBC}") = "Mygle.Negocio", "Mygle.Negocio\Mygle.Negocio.csproj", "{4F4968BB-BC8E-4832-B865-8B60F62DDB29}"
EndProject
Global
	GlobalSection(SolutionConfigurationPlatforms) = preSolution
		Debug|Any CPU = Debug|Any CPU
		Release|Any CPU = Release|Any CPU
	EndGlobalSection
	GlobalSection(ProjectConfigurationPlatforms) = postSolution
		{2DFFC20F-57B6-4A26-B388-BCD1E7209FF6}.Debug|Any CPU.ActiveCfg = Debug|Any CPU
		{2DFFC20F-57B6-4A26-B388-BCD1E7209FF6}.Debug|Any CPU.Build.0 = Debug|Any CPU
		{2DFFC20F-57B6-4A26-B388-BCD1E7209FF6}.Release|Any CPU.ActiveCfg = Release|Any CPU
		{2DFFC20F-57B6-4A26-B388-BCD1E7209FF6}.Release|Any CPU.Build.0 = Release|Any CPU
		{4F4968BB-BC8E-4832-B865-8B60F62DDB29}.Debug|Any CPU.ActiveCfg = Debug|Any CPU
		{4F4968BB-BC8E-4832-B865-8B60F62DDB29}.Debug|Any CPU.Build.0 = Debug|Any CPU
		{4F4968BB-BC8E-4832-B865-8B60F62DDB29}.Release|Any CPU.ActiveCfg = Release|Any CPU
		{4F4968BB-BC8E-4832-B865-8B60F62DDB29}.Release|Any CPU.Build.0 = Release|Any CPU
	EndGlobalSection
	GlobalSection(SolutionProperties) = preSolution
		HideSolutionNode = FALSE
	EndGlobalSection
	GlobalSection(ExtensibilityGlobals) = postSolution
		SolutionGuid = {2D6F5697-CC56-4F04-8387-A33DAAA10ED2}
	EndGlobalSection
EndGlobal
